
Microsoft Visual Studio Solution File, Format Version 12.00
# Visual Studio Version 17
VisualStudioVersion = 17.0.31912.275
MinimumVisualStudioVersion = 10.0.40219.1
Project("{FAE04EC0-301F-11D3-BF4B-00C04F79EFBC}") = "BitMaskSorter", "BitMaskSorter\BitMaskSorter.csproj", "{7B769B9E-C150-4CE2-96BD-7957F3CA84B7}"
EndProject
Project("{FAE04EC0-301F-11D3-BF4B-00C04F79EFBC}") = "BitMaskSorterTest", "BitMaskSorterTest\BitMaskSorterTest.csproj", "{B4C2F910-A7FE-406F-9E45-85C2F291F016}"
EndProject
Global
	GlobalSection(SolutionConfigurationPlatforms) = preSolution
		Debug|Any CPU = Debug|Any CPU
		Release|Any CPU = Release|Any CPU
	EndGlobalSection
	GlobalSection(ProjectConfigurationPlatforms) = postSolution
		{7B769B9E-C150-4CE2-96BD-7957F3CA84B7}.Debug|Any CPU.ActiveCfg = Debug|Any CPU
		{7B769B9E-C150-4CE2-96BD-7957F3CA84B7}.Debug|Any CPU.Build.0 = Debug|Any CPU
		{7B769B9E-C150-4CE2-96BD-7957F3CA84B7}.Release|Any CPU.ActiveCfg = Release|Any CPU
		{7B769B9E-C150-4CE2-96BD-7957F3CA84B7}.Release|Any CPU.Build.0 = Release|Any CPU
		{B4C2F910-A7FE-406F-9E45-85C2F291F016}.Debug|Any CPU.ActiveCfg = Debug|Any CPU
		{B4C2F910-A7FE-406F-9E45-85C2F291F016}.Debug|Any CPU.Build.0 = Debug|Any CPU
		{B4C2F910-A7FE-406F-9E45-85C2F291F016}.Release|Any CPU.ActiveCfg = Release|Any CPU
		{B4C2F910-A7FE-406F-9E45-85C2F291F016}.Release|Any CPU.Build.0 = Release|Any CPU
	EndGlobalSection
	GlobalSection(SolutionProperties) = preSolution
		HideSolutionNode = FALSE
	EndGlobalSection
	GlobalSection(ExtensibilityGlobals) = postSolution
		SolutionGuid = {00D1EC1A-126C-4B39-B8EE-7341606AD0CB}
	EndGlobalSection
EndGlobal
